
Microsoft Visual Studio Solution File, Format Version 12.00
# Visual Studio Version 16
VisualStudioVersion = 16.0.29319.158
MinimumVisualStudioVersion = 10.0.40219.1
Project("{FAE04EC0-301F-11D3-BF4B-00C04F79EFBC}") = "Practica_8", "Practica_8\Practica_8.csproj", "{E35DBFAC-AFA8-4481-9D17-7F44D0B0D70D}"
EndProject
Project("{FAE04EC0-301F-11D3-BF4B-00C04F79EFBC}") = "Practica_8.Models", "Practica_8.Models\Practica_8.Models.csproj", "{AE320E4E-D712-4C95-A646-BBB827250D01}"
EndProject
Global
	GlobalSection(SolutionConfigurationPlatforms) = preSolution
		Debug|Any CPU = Debug|Any CPU
		Release|Any CPU = Release|Any CPU
	EndGlobalSection
	GlobalSection(ProjectConfigurationPlatforms) = postSolution
		{E35DBFAC-AFA8-4481-9D17-7F44D0B0D70D}.Debug|Any CPU.ActiveCfg = Debug|Any CPU
		{E35DBFAC-AFA8-4481-9D17-7F44D0B0D70D}.Debug|Any CPU.Build.0 = Debug|Any CPU
		{E35DBFAC-AFA8-4481-9D17-7F44D0B0D70D}.Release|Any CPU.ActiveCfg = Release|Any CPU
		{E35DBFAC-AFA8-4481-9D17-7F44D0B0D70D}.Release|Any CPU.Build.0 = Release|Any CPU
		{AE320E4E-D712-4C95-A646-BBB827250D01}.Debug|Any CPU.ActiveCfg = Debug|Any CPU
		{AE320E4E-D712-4C95-A646-BBB827250D01}.Debug|Any CPU.Build.0 = Debug|Any CPU
		{AE320E4E-D712-4C95-A646-BBB827250D01}.Release|Any CPU.ActiveCfg = Release|Any CPU
		{AE320E4E-D712-4C95-A646-BBB827250D01}.Release|Any CPU.Build.0 = Release|Any CPU
	EndGlobalSection
	GlobalSection(SolutionProperties) = preSolution
		HideSolutionNode = FALSE
	EndGlobalSection
	GlobalSection(ExtensibilityGlobals) = postSolution
		SolutionGuid = {F0E68871-4E22-42DE-9D8E-3357C4B1812A}
	EndGlobalSection
EndGlobal
